{
    "_readme": [
        "This file locks the dependencies of your project to a known state",
        "Read more about it at https://getcomposer.org/doc/01-basic-usage.md#composer-lock-the-lock-file",
        "This file is @generated automatically"
    ],
    "hash": "a6c27460ad325d55c0c1557d92c9a3ad",
    "content-hash": "095a33fdd6a80e05a153d5e1ca4fa744",
    "packages": [
        {
            "name": "bitworking/mimeparse",
            "version": "2.2.0",
            "source": {
                "type": "git",
                "url": "https://github.com/conneg/mimeparse-php.git",
                "reference": "2f0d7abc84c9373c440561c512e5a8141e184962"
            },
            "dist": {
                "type": "zip",
                "url": "https://api.github.com/repos/conneg/mimeparse-php/zipball/2f0d7abc84c9373c440561c512e5a8141e184962",
                "reference": "2f0d7abc84c9373c440561c512e5a8141e184962",
                "shasum": ""
            },
            "require": {
                "php": ">=5.3.2"
            },
            "require-dev": {
                "jakub-onderka/php-parallel-lint": "^0.9.0",
                "phpunit/phpunit": "^4.7|^5.0",
                "satooshi/php-coveralls": "^0.6.1",
                "squizlabs/php_codesniffer": "^2.3"
            },
            "type": "library",
            "autoload": {
                "psr-4": {
                    "Bitworking\\": "src/"
                }
            },
            "notification-url": "https://packagist.org/downloads/",
            "license": [
                "MIT"
            ],
            "authors": [
                {
                    "name": "Joe Gregorio",
                    "homepage": "http://bitworking.org"
                },
                {
                    "name": "Andrew \"Venom\" K."
                },
                {
                    "name": "Ben Ramsey",
                    "email": "ben@benramsey.com",
                    "homepage": "http://benramsey.com"
                }
            ],
            "description": "Basic functions for handling mime-types.",
            "homepage": "https://github.com/conneg/mimeparse-php",
            "keywords": [
                "accept",
                "http",
                "mime"
            ],
            "time": "2016-02-09 18:45:00"
        },
        {
            "name": "botk/context",
            "version": "4.1.0",
            "source": {
                "type": "git",
                "url": "https://github.com/linkeddatacenter/BOTK-context.git",
                "reference": "067955b4afd49274521bf357c50f0b195ceeb09b"
            },
            "dist": {
                "type": "zip",
                "url": "https://api.github.com/repos/linkeddatacenter/BOTK-context/zipball/067955b4afd49274521bf357c50f0b195ceeb09b",
                "reference": "067955b4afd49274521bf357c50f0b195ceeb09b",
                "shasum": ""
            },
            "require": {
                "php": ">=5.5"
            },
            "type": "library",
            "autoload": {
                "psr-0": {
                    "BOTK\\Context": "library/"
                }
            },
            "notification-url": "https://packagist.org/downloads/",
            "license": [
                "MIT"
            ],
            "authors": [
                {
                    "name": "Enrico fagnoni",
                    "email": "e.fagnoni@e-artspace.com"
                }
            ],
            "description": "ini file management, sanitization, validation",
            "homepage": "https://github.com/linkeddatacenter/BOTK-context",
            "keywords": [
                "BOTK",
                "E-Artspace",
                "LinkedData.Center",
                "sanitization",
                "validation"
            ],
            "time": "2016-02-10 07:58:40"
        },
        {
            "name": "botk/core",
            "version": "5.1.1",
            "source": {
                "type": "git",
                "url": "https://github.com/linkeddatacenter/BOTK-core.git",
                "reference": "3181974762557b3599ab8cd16308de1e4970e850"
            },
            "dist": {
                "type": "zip",
                "url": "https://api.github.com/repos/linkeddatacenter/BOTK-core/zipball/3181974762557b3599ab8cd16308de1e4970e850",
                "reference": "3181974762557b3599ab8cd16308de1e4970e850",
                "shasum": ""
            },
            "require": {
                "bitworking/mimeparse": "~2.1",
                "php": ">=5.5.0",
                "respect/rest": "~0.6"
            },
            "type": "library",
            "autoload": {
                "psr-0": {
                    "BOTK\\Core": "library/"
                }
            },
            "notification-url": "https://packagist.org/downloads/",
            "license": [
                "MIT"
            ],
            "authors": [
                {
                    "name": "Enrico fagnoni",
                    "email": "e.fagnoni@e-artspace.com"
                }
            ],
            "description": "Super lightweight classes for developing cool RESTful APIs.",
            "homepage": "http://ontology.it/tools/botk4/core/",
            "keywords": [
                "BOTK",
                "E-Artspace",
                "LinkedData.Center",
                "rest",
                "restful"
            ],
            "time": "2016-01-29 16:34:32"
        },
        {
            "name": "botk/rdf",
            "version": "4.1.0",
            "source": {
                "type": "git",
                "url": "https://github.com/linkeddatacenter/BOTK-rdf.git",
                "reference": "f93114956c98fc53713b8649b7747d8cf7968aa4"
            },
            "dist": {
                "type": "zip",
                "url": "https://api.github.com/repos/linkeddatacenter/BOTK-rdf/zipball/f93114956c98fc53713b8649b7747d8cf7968aa4",
                "reference": "f93114956c98fc53713b8649b7747d8cf7968aa4",
                "shasum": ""
            },
            "require": {
                "botk/core": "~5.1",
                "easyrdf/easyrdf": "~0.9",
                "php": ">=5.5"
            },
            "require-dev": {
                "botk/context": "*"
            },
            "type": "library",
            "autoload": {
                "psr-0": {
                    "BOTK\\RDF": "library/"
                }
            },
            "notification-url": "https://packagist.org/downloads/",
            "license": [
                "MIT"
            ],
            "authors": [
                {
                    "name": "Enrico fagnoni",
                    "email": "e.fagnoni@e-artspace.com"
                }
            ],
            "description": "EasyRdf extension to support authentication and reasoning in some sparql endpoints.",
            "homepage": "http://ontology.it/tools/botk4/rdf/",
            "keywords": [
                "E-Artspace",
                "EasyRdf",
                "Linked Data",
                "LinkedData.Center",
                "RDF",
                "Semantic Web",
                "Turtle"
            ],
            "time": "2016-01-29 16:20:08"
        },
        {
            "name": "easyrdf/easyrdf",
            "version": "0.9.1",
            "source": {
                "type": "git",
                "url": "https://github.com/njh/easyrdf.git",
                "reference": "acd09dfe0555fbcfa254291e433c45fdd4652566"
            },
            "dist": {
                "type": "zip",
                "url": "https://api.github.com/repos/njh/easyrdf/zipball/acd09dfe0555fbcfa254291e433c45fdd4652566",
                "reference": "acd09dfe0555fbcfa254291e433c45fdd4652566",
                "shasum": ""
            },
            "require": {
                "ext-mbstring": "*",
                "ext-pcre": "*",
                "php": ">=5.2.8"
            },
            "require-dev": {
                "phpunit/phpunit": "~3.5",
                "sami/sami": "~1.4",
                "squizlabs/php_codesniffer": "~1.4.3"
            },
            "suggest": {
                "ml/json-ld": "~1.0"
            },
            "type": "library",
            "autoload": {
                "psr-0": {
                    "EasyRdf_": "lib/"
                }
            },
            "notification-url": "https://packagist.org/downloads/",
            "license": [
                "BSD-3-Clause"
            ],
            "authors": [
                {
                    "name": "Nicholas Humfrey",
                    "email": "njh@aelius.com",
                    "homepage": "http://www.aelius.com/njh/",
                    "role": "Developer"
                },
                {
                    "name": "Alexey Zakhlestin",
                    "email": "indeyets@gmail.com",
                    "role": "Developer"
                }
            ],
            "description": "EasyRdf is a PHP library designed to make it easy to consume and produce RDF.",
            "homepage": "http://www.easyrdf.org/",
            "keywords": [
                "Linked Data",
                "RDF",
                "Semantic Web",
                "Turtle",
                "rdfa",
                "sparql"
            ],
            "time": "2015-02-27 09:45:49"
        },
        {
            "name": "egeloen/http-adapter",
            "version": "0.8.0",
            "source": {
                "type": "git",
                "url": "https://github.com/egeloen/ivory-http-adapter.git",
                "reference": "9641f11487ec26b24c6bbcee4f267cf62f60b855"
            },
            "dist": {
                "type": "zip",
                "url": "https://api.github.com/repos/egeloen/ivory-http-adapter/zipball/9641f11487ec26b24c6bbcee4f267cf62f60b855",
                "reference": "9641f11487ec26b24c6bbcee4f267cf62f60b855",
                "shasum": ""
            },
            "require": {
                "php": ">=5.4.8",
                "zendframework/zend-diactoros": "^1.1"
            },
            "require-dev": {
                "cakephp/cakephp": "^3.0.3",
                "ext-curl": "*",
                "guzzle/guzzle": "^3.9.4@dev",
                "guzzlehttp/guzzle": "^4.1.4|^5.0|^6.0",
                "kriswallsmith/buzz": "^0.13",
                "nategood/httpful": "^0.2.17",
                "phpunit/phpunit": "^4.0",
                "phpunit/phpunit-mock-objects": "dev-matcher-verify as 2.3.x-dev",
                "psr/log": "^1.0",
                "react/dns": "^0.4.1",
                "react/http-client": "^0.4",
                "satooshi/php-coveralls": "^0.6",
                "symfony/event-dispatcher": "^2.0",
                "zendframework/zend-http": "^2.3.4",
                "zendframework/zendframework1": ">=1.12.9,<=1.12.14|^1.12.16"
            },
            "suggest": {
                "ext-curl": "Allows you to use the cURL adapter",
                "ext-http": "Allows you to use the PECL adapter",
                "guzzle/guzzle": "Allows you to use the Guzzle 3 adapter",
                "guzzlehttp/guzzle": "Allows you to use the Guzzle 4 adapter",
                "kriswallsmith/buzz": "Allows you to use the Buzz adapter",
                "nategood/httpful": "Allows you to use the httpful adapter",
                "psr/log": "Allows you to use the logger event subscriber",
                "symfony/event-dispatcher": "Allows you to use the event lifecycle",
                "symfony/stopwatch": "Allows you to use the stopwatch http adapter and event subscriber",
                "zendframework/zend-http": "Allows you to use the Zend 2 adapter",
                "zendframework/zendframework1": "Allows you to use the Zend 1 adapter"
            },
            "type": "library",
            "extra": {
                "branch-alias": {
                    "dev-master": "0.8-dev"
                }
            },
            "autoload": {
                "psr-4": {
                    "Ivory\\HttpAdapter\\": "src/"
                }
            },
            "notification-url": "https://packagist.org/downloads/",
            "license": [
                "MIT"
            ],
            "authors": [
                {
                    "name": "Eric GELOEN",
                    "email": "geloen.eric@gmail.com"
                }
            ],
            "description": "Issue HTTP request for PHP 5.3+.",
            "keywords": [
                "http",
                "http-adapter",
                "http-client",
                "psr-7"
            ],
            "abandoned": "php-http/httplug",
            "time": "2015-08-12 09:35:40"
        },
        {
            "name": "igorw/get-in",
            "version": "v1.0.3",
            "source": {
                "type": "git",
                "url": "https://github.com/igorw/get-in.git",
                "reference": "170ded831f49abc6a6061f655aba9bdbcf7b8111"
            },
            "dist": {
                "type": "zip",
                "url": "https://api.github.com/repos/igorw/get-in/zipball/170ded831f49abc6a6061f655aba9bdbcf7b8111",
                "reference": "170ded831f49abc6a6061f655aba9bdbcf7b8111",
                "shasum": ""
            },
            "require": {
                "php": ">=5.4"
            },
            "type": "library",
            "extra": {
                "branch-alias": {
                    "dev-master": "1.0-dev"
                }
            },
            "autoload": {
                "files": [
                    "src/get_in.php"
                ]
            },
            "notification-url": "https://packagist.org/downloads/",
            "license": [
                "MIT"
            ],
            "authors": [
                {
                    "name": "Igor Wiedler",
                    "email": "igor@wiedler.ch"
                }
            ],
            "description": "Functions for for hash map (assoc array) traversal.",
            "keywords": [
                "assoc-array",
                "hash-map"
            ],
            "time": "2014-12-15 23:03:51"
        },
        {
            "name": "ml/iri",
            "version": "1.1.4",
            "target-dir": "ML/IRI",
            "source": {
                "type": "git",
                "url": "https://github.com/lanthaler/IRI.git",
                "reference": "cbd44fa913e00ea624241b38cefaa99da8d71341"
            },
            "dist": {
                "type": "zip",
                "url": "https://api.github.com/repos/lanthaler/IRI/zipball/cbd44fa913e00ea624241b38cefaa99da8d71341",
                "reference": "cbd44fa913e00ea624241b38cefaa99da8d71341",
                "shasum": ""
            },
            "require": {
                "lib-pcre": ">=4.0",
                "php": ">=5.3.0"
            },
            "type": "library",
            "autoload": {
                "psr-0": {
                    "ML\\IRI": ""
                }
            },
            "notification-url": "https://packagist.org/downloads/",
            "license": [
                "MIT"
            ],
            "authors": [
                {
                    "name": "Markus Lanthaler",
                    "email": "mail@markus-lanthaler.com",
                    "homepage": "http://www.markus-lanthaler.com",
                    "role": "Developer"
                }
            ],
            "description": "IRI handling for PHP",
            "homepage": "http://www.markus-lanthaler.com",
            "keywords": [
                "URN",
                "iri",
                "uri",
                "url"
            ],
            "time": "2014-01-21 13:43:39"
        },
        {
            "name": "ml/json-ld",
            "version": "1.0.5",
            "target-dir": "ML/JsonLD",
            "source": {
                "type": "git",
                "url": "https://github.com/lanthaler/JsonLD.git",
                "reference": "2f7f00a9daed844289135cc1cc99a75fc72a5438"
            },
            "dist": {
                "type": "zip",
                "url": "https://api.github.com/repos/lanthaler/JsonLD/zipball/2f7f00a9daed844289135cc1cc99a75fc72a5438",
                "reference": "2f7f00a9daed844289135cc1cc99a75fc72a5438",
                "shasum": ""
            },
            "require": {
                "ext-json": "*",
                "ml/iri": "^1.1.1",
                "php": ">=5.3.0"
            },
            "require-dev": {
                "json-ld/tests": "@dev"
            },
            "type": "library",
            "autoload": {
                "psr-0": {
                    "ML\\JsonLD": ""
                }
            },
            "notification-url": "https://packagist.org/downloads/",
            "license": [
                "MIT"
            ],
            "authors": [
                {
                    "name": "Markus Lanthaler",
                    "email": "mail@markus-lanthaler.com",
                    "homepage": "http://www.markus-lanthaler.com",
                    "role": "Developer"
                }
            ],
            "description": "JSON-LD Processor for PHP",
            "homepage": "http://www.markus-lanthaler.com",
            "keywords": [
                "JSON-LD",
                "jsonld"
            ],
            "time": "2016-01-17 17:39:22"
        },
        {
            "name": "psr/http-message",
            "version": "1.0",
            "source": {
                "type": "git",
                "url": "https://github.com/php-fig/http-message.git",
                "reference": "85d63699f0dbedb190bbd4b0d2b9dc707ea4c298"
            },
            "dist": {
                "type": "zip",
                "url": "https://api.github.com/repos/php-fig/http-message/zipball/85d63699f0dbedb190bbd4b0d2b9dc707ea4c298",
                "reference": "85d63699f0dbedb190bbd4b0d2b9dc707ea4c298",
                "shasum": ""
            },
            "require": {
                "php": ">=5.3.0"
            },
            "type": "library",
            "extra": {
                "branch-alias": {
                    "dev-master": "1.0.x-dev"
                }
            },
            "autoload": {
                "psr-4": {
                    "Psr\\Http\\Message\\": "src/"
                }
            },
            "notification-url": "https://packagist.org/downloads/",
            "license": [
                "MIT"
            ],
            "authors": [
                {
                    "name": "PHP-FIG",
                    "homepage": "http://www.php-fig.org/"
                }
            ],
            "description": "Common interface for HTTP messages",
            "keywords": [
                "http",
                "http-message",
                "psr",
                "psr-7",
                "request",
                "response"
            ],
            "time": "2015-05-04 20:22:00"
        },
        {
            "name": "respect/rest",
            "version": "0.6.0",
            "source": {
                "type": "git",
                "url": "https://github.com/Respect/Rest.git",
                "reference": "4f60aa199623d738a3391ca1e80bafb754bc9308"
            },
            "dist": {
                "type": "zip",
                "url": "https://api.github.com/repos/Respect/Rest/zipball/4f60aa199623d738a3391ca1e80bafb754bc9308",
                "reference": "4f60aa199623d738a3391ca1e80bafb754bc9308",
                "shasum": ""
            },
            "require": {
                "php": ">=5.3.0"
            },
            "require-dev": {
                "phpunit/phpunit": "~4.4.0"
            },
            "type": "library",
            "autoload": {
                "psr-4": {
                    "Respect\\": "library/Respect"
                }
            },
            "notification-url": "https://packagist.org/downloads/",
            "license": [
                "BSD Style"
            ],
            "authors": [
                {
                    "name": "Alexandre Gaigalas",
                    "email": "alexandre@gaigalas.net"
                },
                {
                    "name": "Respect/Data Contributors",
                    "homepage": "https://github.com/Respect/Data/graphs/contributors"
                }
            ],
            "description": "Thin controller for RESTful applications",
            "homepage": "http://respect.li/",
            "time": "2015-01-12 09:55:16"
        },
        {
            "name": "willdurand/geocoder",
            "version": "v3.3.0",
            "source": {
                "type": "git",
                "url": "https://github.com/geocoder-php/Geocoder.git",
                "reference": "ccc178e2984c0af24881faa0ffe515f20e5e8c23"
            },
            "dist": {
                "type": "zip",
                "url": "https://api.github.com/repos/geocoder-php/Geocoder/zipball/ccc178e2984c0af24881faa0ffe515f20e5e8c23",
                "reference": "ccc178e2984c0af24881faa0ffe515f20e5e8c23",
                "shasum": ""
            },
            "require": {
                "egeloen/http-adapter": "~0.8",
                "igorw/get-in": "~1.0",
                "php": ">=5.4.0"
            },
            "require-dev": {
                "geoip2/geoip2": "~2.0",
                "symfony/stopwatch": "~2.5"
            },
            "suggest": {
                "ext-geoip": "Enabling the geoip extension allows you to use the MaxMindProvider.",
                "geoip/geoip": "If you are going to use the MaxMindBinaryProvider (conflict with geoip extension).",
                "geoip2/geoip2": "If you are going to use the GeoIP2DatabaseProvider.",
                "symfony/stopwatch": "If you want to use the TimedGeocoder"
            },
            "type": "library",
            "extra": {
                "branch-alias": {
                    "dev-master": "3.3-dev"
                }
            },
            "autoload": {
                "psr-0": {
                    "Geocoder": "src/"
                }
            },
            "notification-url": "https://packagist.org/downloads/",
            "license": [
                "MIT"
            ],
            "authors": [
                {
                    "name": "William Durand",
                    "email": "william.durand1@gmail.com"
                }
            ],
            "description": "The almost missing Geocoder PHP 5.4 library.",
            "homepage": "http://geocoder-php.org",
            "keywords": [
                "abstraction",
                "geocoder",
                "geocoding",
                "geoip"
            ],
            "time": "2015-12-06 20:17:20"
        },
        {
            "name": "zendframework/zend-diactoros",
            "version": "1.3.3",
            "source": {
                "type": "git",
                "url": "https://github.com/zendframework/zend-diactoros.git",
                "reference": "4d54fde709664562eb63356f0250d527824d05de"
            },
            "dist": {
                "type": "zip",
                "url": "https://api.github.com/repos/zendframework/zend-diactoros/zipball/4d54fde709664562eb63356f0250d527824d05de",
                "reference": "4d54fde709664562eb63356f0250d527824d05de",
                "shasum": ""
            },
            "require": {
                "php": ">=5.4",
                "psr/http-message": "~1.0"
            },
            "provide": {
                "psr/http-message-implementation": "~1.0.0"
            },
            "require-dev": {
                "phpunit/phpunit": "~4.6",
                "squizlabs/php_codesniffer": "^2.3.1"
            },
            "type": "library",
            "extra": {
                "branch-alias": {
                    "dev-master": "1.3-dev",
                    "dev-develop": "1.4-dev"
                }
            },
            "autoload": {
                "psr-4": {
                    "Zend\\Diactoros\\": "src/"
                }
            },
            "notification-url": "https://packagist.org/downloads/",
            "license": [
                "BSD-2-Clause"
            ],
            "description": "PSR HTTP Message implementations",
            "homepage": "https://github.com/zendframework/zend-diactoros",
            "keywords": [
                "http",
                "psr",
                "psr-7"
            ],
            "time": "2016-01-04 21:37:32"
        }
    ],
    "packages-dev": [],
    "aliases": [],
    "minimum-stability": "stable",
    "stability-flags": [],
    "prefer-stable": false,
    "prefer-lowest": false,
    "platform": {
        "php": ">=5.5.0"
    },
    "platform-dev": []
}
